
Microsoft Visual Studio Solution File, Format Version 10.00
# Visual Studio 2008
Project("{8BC9CEB8-8B4A-11D0-8D11-00A0C91BC942}") = "UnityInterface", "UnityInterface\UnityInterface.vcproj", "{67EA9B3D-B1C5-4CE1-8F02-7F7147B9A1F2}"
EndProject
Project("{8BC9CEB8-8B4A-11D0-8D11-00A0C91BC942}") = "UnityInterfaceTester", "UnityInterfaceTester\UnityInterfaceTester.vcproj", "{2536A406-3FA5-455D-86FF-AC2664410555}"
	ProjectSection(ProjectDependencies) = postProject
		{67EA9B3D-B1C5-4CE1-8F02-7F7147B9A1F2} = {67EA9B3D-B1C5-4CE1-8F02-7F7147B9A1F2}
	EndProjectSection
EndProject
Global
	GlobalSection(SolutionConfigurationPlatforms) = preSolution
		Debug|Win32 = Debug|Win32
		Release|Win32 = Release|Win32
	EndGlobalSection
	GlobalSection(ProjectConfigurationPlatforms) = postSolution
		{67EA9B3D-B1C5-4CE1-8F02-7F7147B9A1F2}.Debug|Win32.ActiveCfg = Debug|Win32
		{67EA9B3D-B1C5-4CE1-8F02-7F7147B9A1F2}.Debug|Win32.Build.0 = Debug|Win32
		{67EA9B3D-B1C5-4CE1-8F02-7F7147B9A1F2}.Release|Win32.ActiveCfg = Release|Win32
		{67EA9B3D-B1C5-4CE1-8F02-7F7147B9A1F2}.Release|Win32.Build.0 = Release|Win32
		{2536A406-3FA5-455D-86FF-AC2664410555}.Debug|Win32.ActiveCfg = Debug|Win32
		{2536A406-3FA5-455D-86FF-AC2664410555}.Debug|Win32.Build.0 = Debug|Win32
		{2536A406-3FA5-455D-86FF-AC2664410555}.Release|Win32.ActiveCfg = Release|Win32
		{2536A406-3FA5-455D-86FF-AC2664410555}.Release|Win32.Build.0 = Release|Win32
	EndGlobalSection
	GlobalSection(SolutionProperties) = preSolution
		HideSolutionNode = FALSE
	EndGlobalSection
EndGlobal
